
Microsoft Visual Studio Solution File, Format Version 12.00
Project("{FAE04EC0-301F-11D3-BF4B-00C04F79EFBC}") = "SunplexPi", "SunplexPi\SunplexPi.csproj", "{4A31CE44-008D-4E69-9D73-87242F77A7AB}"
EndProject
Global
	GlobalSection(SolutionConfigurationPlatforms) = preSolution
		Debug|Any CPU = Debug|Any CPU
		Release|Any CPU = Release|Any CPU
	EndGlobalSection
	GlobalSection(ProjectConfigurationPlatforms) = postSolution
		{4A31CE44-008D-4E69-9D73-87242F77A7AB}.Debug|Any CPU.ActiveCfg = Debug|Any CPU
		{4A31CE44-008D-4E69-9D73-87242F77A7AB}.Debug|Any CPU.Build.0 = Debug|Any CPU
		{4A31CE44-008D-4E69-9D73-87242F77A7AB}.Release|Any CPU.ActiveCfg = Release|Any CPU
		{4A31CE44-008D-4E69-9D73-87242F77A7AB}.Release|Any CPU.Build.0 = Release|Any CPU
	EndGlobalSection
EndGlobal
